{
  "name": "@mszmaj/typedpiper",
  "version": "1.0.0",
  "lockfileVersion": 2,
  "requires": true,
  "packages": {
    "": {
      "name": "@mszmaj/typedpiper",
      "version": "1.0.0",
      "license": "MIT",
      "dependencies": {
        "reflect-metadata": "^0.1.13",
        "ts-results": "^3.3.0"
      }
    },
    "node_modules/reflect-metadata": {
      "version": "0.1.13",
      "resolved": "https://registry.npmjs.org/reflect-metadata/-/reflect-metadata-0.1.13.tgz",
      "integrity": "sha512-Ts1Y/anZELhSsjMcU605fU9RE4Oi3p5ORujwbIKXfWa+0Zxs510Qrmrce5/Jowq3cHSZSJqBjypxmHarc+vEWg=="
    },
    "node_modules/ts-results": {
      "version": "3.3.0",
      "resolved": "https://registry.npmjs.org/ts-results/-/ts-results-3.3.0.tgz",
      "integrity": "sha512-FWqxGX2NHp5oCyaMd96o2y2uMQmSu8Dey6kvyuFdRJ2AzfmWo3kWa4UsPlCGlfQ/qu03m09ZZtppMoY8EMHuiA=="
    }
  },
  "dependencies": {
    "reflect-metadata": {
      "version": "0.1.13",
      "resolved": "https://registry.npmjs.org/reflect-metadata/-/reflect-metadata-0.1.13.tgz",
      "integrity": "sha512-Ts1Y/anZELhSsjMcU605fU9RE4Oi3p5ORujwbIKXfWa+0Zxs510Qrmrce5/Jowq3cHSZSJqBjypxmHarc+vEWg=="
    },
    "ts-results": {
      "version": "3.3.0",
      "resolved": "https://registry.npmjs.org/ts-results/-/ts-results-3.3.0.tgz",
      "integrity": "sha512-FWqxGX2NHp5oCyaMd96o2y2uMQmSu8Dey6kvyuFdRJ2AzfmWo3kWa4UsPlCGlfQ/qu03m09ZZtppMoY8EMHuiA=="
    }
  }
}
